{
  "version": "5",
  "specifiers": {
    "npm:jose@6.2.2": "6.2.2",
    "npm:postgres@3.4.9": "3.4.9"
  },
  "npm": {
    "jose@6.2.2": {
      "integrity": "sha512-d7kPDd34KO/YnzaDOlikGpOurfF0ByC2sEV4cANCtdqLlTfBlw2p14O/5d/zv40gJPbIQxfES3nSx1/oYNyuZQ=="
    },
    "postgres@3.4.9": {
      "integrity": "sha512-GD3qdB0x1z9xgFI6cdRD6xu2Sp2WCOEoe3mtnyB5Ee0XrrL5Pe+e4CCnJrRMnL1zYtRDZmQQVbvOttLnKDLnaw=="
    }
  },
  "workspace": {
    "dependencies": [
      "npm:jose@6.2.2",
      "npm:postgres@3.4.9"
    ]
  }
}
